
Microsoft Visual Studio Solution File, Format Version 12.00
# Visual Studio Version 17
VisualStudioVersion = 17.0.32112.339
MinimumVisualStudioVersion = 10.0.40219.1
Project("{FAE04EC0-301F-11D3-BF4B-00C04F79EFBC}") = "Telecom1_2", "Telecom1_2\Telecom1_2.csproj", "{3FBC6816-D771-4848-9330-E2AB566718AA}"
EndProject
Global
	GlobalSection(SolutionConfigurationPlatforms) = preSolution
		Debug|Any CPU = Debug|Any CPU
		Release|Any CPU = Release|Any CPU
	EndGlobalSection
	GlobalSection(ProjectConfigurationPlatforms) = postSolution
		{3FBC6816-D771-4848-9330-E2AB566718AA}.Debug|Any CPU.ActiveCfg = Debug|Any CPU
		{3FBC6816-D771-4848-9330-E2AB566718AA}.Debug|Any CPU.Build.0 = Debug|Any CPU
		{3FBC6816-D771-4848-9330-E2AB566718AA}.Release|Any CPU.ActiveCfg = Release|Any CPU
		{3FBC6816-D771-4848-9330-E2AB566718AA}.Release|Any CPU.Build.0 = Release|Any CPU
	EndGlobalSection
	GlobalSection(SolutionProperties) = preSolution
		HideSolutionNode = FALSE
	EndGlobalSection
	GlobalSection(ExtensibilityGlobals) = postSolution
		SolutionGuid = {8E931B97-ECF0-423A-BE69-CDC5C914F06F}
	EndGlobalSection
EndGlobal
